
Microsoft Visual Studio Solution File, Format Version 12.00
# Visual Studio 2012
Project("{FAE04EC0-301F-11D3-BF4B-00C04F79EFBC}") = "OurStudents", "OurStudents\OurStudents.csproj", "{AB3BB129-75AE-4357-80B2-68CA24437DAA}"
EndProject
Project("{FAE04EC0-301F-11D3-BF4B-00C04F79EFBC}") = "Model", "Model\Model.csproj", "{C14E2325-2A60-4024-86FD-44CF95DBF07D}"
EndProject
Global
	GlobalSection(SolutionConfigurationPlatforms) = preSolution
		Debug|Any CPU = Debug|Any CPU
		Release|Any CPU = Release|Any CPU
	EndGlobalSection
	GlobalSection(ProjectConfigurationPlatforms) = postSolution
		{AB3BB129-75AE-4357-80B2-68CA24437DAA}.Debug|Any CPU.ActiveCfg = Debug|Any CPU
		{AB3BB129-75AE-4357-80B2-68CA24437DAA}.Debug|Any CPU.Build.0 = Debug|Any CPU
		{AB3BB129-75AE-4357-80B2-68CA24437DAA}.Release|Any CPU.ActiveCfg = Release|Any CPU
		{AB3BB129-75AE-4357-80B2-68CA24437DAA}.Release|Any CPU.Build.0 = Release|Any CPU
		{C14E2325-2A60-4024-86FD-44CF95DBF07D}.Debug|Any CPU.ActiveCfg = Debug|Any CPU
		{C14E2325-2A60-4024-86FD-44CF95DBF07D}.Debug|Any CPU.Build.0 = Debug|Any CPU
		{C14E2325-2A60-4024-86FD-44CF95DBF07D}.Release|Any CPU.ActiveCfg = Release|Any CPU
		{C14E2325-2A60-4024-86FD-44CF95DBF07D}.Release|Any CPU.Build.0 = Release|Any CPU
	EndGlobalSection
	GlobalSection(SolutionProperties) = preSolution
		HideSolutionNode = FALSE
	EndGlobalSection
EndGlobal
